Microsoft Visual Studio Solution File, Format Version 12.00
# Visual Studio Version 16
VisualStudioVersion = 16.0.30804.86
MinimumVisualStudioVersion = 10.0.40219.1
Project("{9A19103F-16F7-4668-BE54-9A1E7A4F7556}") = "Greeter", "Greeter\Greeter.csproj", "{13B6DFC8-F5F6-4CC2-99DF-57A7CF042033}"
EndProject
Global
	GlobalSection(SolutionConfigurationPlatforms) = preSolution
		Debug|Any CPU = Debug|Any CPU
		Release|Any CPU = Release|Any CPU
	EndGlobalSection
	GlobalSection(ProjectConfigurationPlatforms) = postSolution
		{13B6DFC8-F5F6-4CC2-99DF-57A7CF042033}.Debug|Any CPU.ActiveCfg = Debug|Any CPU
		{13B6DFC8-F5F6-4CC2-99DF-57A7CF042033}.Debug|Any CPU.Build.0 = Debug|Any CPU
		{13B6DFC8-F5F6-4CC2-99DF-57A7CF042033}.Release|Any CPU.ActiveCfg = Release|Any CPU
		{13B6DFC8-F5F6-4CC2-99DF-57A7CF042033}.Release|Any CPU.Build.0 = Release|Any CPU
	EndGlobalSection
	GlobalSection(SolutionProperties) = preSolution
		HideSolutionNode = FALSE
	EndGlobalSection
	GlobalSection(ExtensibilityGlobals) = postSolution
		SolutionGuid = {05DB6176-636E-4735-95A0-673398A4A41D}
	EndGlobalSection
EndGlobal
